
Microsoft Visual Studio Solution File, Format Version 12.00
# Visual Studio 15
VisualStudioVersion = 15.0.26124.0
MinimumVisualStudioVersion = 15.0.26124.0
Project("{9A19103F-16F7-4668-BE54-9A1E7A4F7556}") = "R5T.Organizational.Construction", "R5T.Organizational.Construction\R5T.Organizational.Construction.csproj", "{114CC70F-2072-4D8A-8A4D-14D77008F550}"
EndProject
Project("{9A19103F-16F7-4668-BE54-9A1E7A4F7556}") = "R5T.Organizational", "R5T.Organizational\R5T.Organizational.csproj", "{DF76DA3F-7CFC-4EDC-BB5B-1BF968ED187E}"
EndProject
Project("{9A19103F-16F7-4668-BE54-9A1E7A4F7556}") = "R5T.NetStandard.IO.Paths", "..\..\R5T.NetStandard.IO.Paths\source\R5T.NetStandard.IO.Paths\R5T.NetStandard.IO.Paths.csproj", "{19972874-48CA-4973-ADA1-D79E5099A782}"
EndProject
Project("{9A19103F-16F7-4668-BE54-9A1E7A4F7556}") = "R5T.NetStandard.OS", "..\..\R5T.NetStandard.OS\source\R5T.NetStandard.OS\R5T.NetStandard.OS.csproj", "{640D0DBC-76C0-4865-B116-05B6896FC00C}"
EndProject
Project("{9A19103F-16F7-4668-BE54-9A1E7A4F7556}") = "R5T.NetStandard.Types", "..\..\R5T.NetStandard.Types\source\R5T.NetStandard.Types\R5T.NetStandard.Types.csproj", "{43775553-BF26-45EA-BC81-4F93ABD6CAE0}"
EndProject
Project("{9A19103F-16F7-4668-BE54-9A1E7A4F7556}") = "R5T.NetStandard.Extensions", "..\..\R5T.NetStandard.Extensions\source\R5T.NetStandard.Extensions\R5T.NetStandard.Extensions.csproj", "{18B5AED9-65E2-4DC0-B55E-63B3DC2B1034}"
EndProject
Global
	GlobalSection(SolutionConfigurationPlatforms) = preSolution
		Debug|Any CPU = Debug|Any CPU
		Debug|x64 = Debug|x64
		Debug|x86 = Debug|x86
		Release|Any CPU = Release|Any CPU
		Release|x64 = Release|x64
		Release|x86 = Release|x86
	EndGlobalSection
	GlobalSection(ProjectConfigurationPlatforms) = postSolution
		{114CC70F-2072-4D8A-8A4D-14D77008F550}.Debug|Any CPU.ActiveCfg = Debug|Any CPU
		{114CC70F-2072-4D8A-8A4D-14D77008F550}.Debug|Any CPU.Build.0 = Debug|Any CPU
		{114CC70F-2072-4D8A-8A4D-14D77008F550}.Debug|x64.ActiveCfg = Debug|Any CPU
		{114CC70F-2072-4D8A-8A4D-14D77008F550}.Debug|x64.Build.0 = Debug|Any CPU
		{114CC70F-2072-4D8A-8A4D-14D77008F550}.Debug|x86.ActiveCfg = Debug|Any CPU
		{114CC70F-2072-4D8A-8A4D-14D77008F550}.Debug|x86.Build.0 = Debug|Any CPU
		{114CC70F-2072-4D8A-8A4D-14D77008F550}.Release|Any CPU.ActiveCfg = Release|Any CPU
		{114CC70F-2072-4D8A-8A4D-14D77008F550}.Release|Any CPU.Build.0 = Release|Any CPU
		{114CC70F-2072-4D8A-8A4D-14D77008F550}.Release|x64.ActiveCfg = Release|Any CPU
		{114CC70F-2072-4D8A-8A4D-14D77008F550}.Release|x64.Build.0 = Release|Any CPU
		{114CC70F-2072-4D8A-8A4D-14D77008F550}.Release|x86.ActiveCfg = Release|Any CPU
		{114CC70F-2072-4D8A-8A4D-14D77008F550}.Release|x86.Build.0 = Release|Any CPU
		{DF76DA3F-7CFC-4EDC-BB5B-1BF968ED187E}.Debug|Any CPU.ActiveCfg = Debug|Any CPU
		{DF76DA3F-7CFC-4EDC-BB5B-1BF968ED187E}.Debug|Any CPU.Build.0 = Debug|Any CPU
		{DF76DA3F-7CFC-4EDC-BB5B-1BF968ED187E}.Debug|x64.ActiveCfg = Debug|Any CPU
		{DF76DA3F-7CFC-4EDC-BB5B-1BF968ED187E}.Debug|x64.Build.0 = Debug|Any CPU
		{DF76DA3F-7CFC-4EDC-BB5B-1BF968ED187E}.Debug|x86.ActiveCfg = Debug|Any CPU
		{DF76DA3F-7CFC-4EDC-BB5B-1BF968ED187E}.Debug|x86.Build.0 = Debug|Any CPU
		{DF76DA3F-7CFC-4EDC-BB5B-1BF968ED187E}.Release|Any CPU.ActiveCfg = Release|Any CPU
		{DF76DA3F-7CFC-4EDC-BB5B-1BF968ED187E}.Release|Any CPU.Build.0 = Release|Any CPU
		{DF76DA3F-7CFC-4EDC-BB5B-1BF968ED187E}.Release|x64.ActiveCfg = Release|Any CPU
		{DF76DA3F-7CFC-4EDC-BB5B-1BF968ED187E}.Release|x64.Build.0 = Release|Any CPU
		{DF76DA3F-7CFC-4EDC-BB5B-1BF968ED187E}.Release|x86.ActiveCfg = Release|Any CPU
		{DF76DA3F-7CFC-4EDC-BB5B-1BF968ED187E}.Release|x86.Build.0 = Release|Any CPU
		{19972874-48CA-4973-ADA1-D79E5099A782}.Debug|Any CPU.ActiveCfg = Debug|Any CPU
		{19972874-48CA-4973-ADA1-D79E5099A782}.Debug|Any CPU.Build.0 = Debug|Any CPU
		{19972874-48CA-4973-ADA1-D79E5099A782}.Debug|x64.ActiveCfg = Debug|Any CPU
		{19972874-48CA-4973-ADA1-D79E5099A782}.Debug|x64.Build.0 = Debug|Any CPU
		{19972874-48CA-4973-ADA1-D79E5099A782}.Debug|x86.ActiveCfg = Debug|Any CPU
		{19972874-48CA-4973-ADA1-D79E5099A782}.Debug|x86.Build.0 = Debug|Any CPU
		{19972874-48CA-4973-ADA1-D79E5099A782}.Release|Any CPU.ActiveCfg = Release|Any CPU
		{19972874-48CA-4973-ADA1-D79E5099A782}.Release|Any CPU.Build.0 = Release|Any CPU
		{19972874-48CA-4973-ADA1-D79E5099A782}.Release|x64.ActiveCfg = Release|Any CPU
		{19972874-48CA-4973-ADA1-D79E5099A782}.Release|x64.Build.0 = Release|Any CPU
		{19972874-48CA-4973-ADA1-D79E5099A782}.Release|x86.ActiveCfg = Release|Any CPU
		{19972874-48CA-4973-ADA1-D79E5099A782}.Release|x86.Build.0 = Release|Any CPU
		{640D0DBC-76C0-4865-B116-05B6896FC00C}.Debug|Any CPU.ActiveCfg = Debug|Any CPU
		{640D0DBC-76C0-4865-B116-05B6896FC00C}.Debug|Any CPU.Build.0 = Debug|Any CPU
		{640D0DBC-76C0-4865-B116-05B6896FC00C}.Debug|x64.ActiveCfg = Debug|Any CPU
		{640D0DBC-76C0-4865-B116-05B6896FC00C}.Debug|x64.Build.0 = Debug|Any CPU
		{640D0DBC-76C0-4865-B116-05B6896FC00C}.Debug|x86.ActiveCfg = Debug|Any CPU
		{640D0DBC-76C0-4865-B116-05B6896FC00C}.Debug|x86.Build.0 = Debug|Any CPU
		{640D0DBC-76C0-4865-B116-05B6896FC00C}.Release|Any CPU.ActiveCfg = Release|Any CPU
		{640D0DBC-76C0-4865-B116-05B6896FC00C}.Release|Any CPU.Build.0 = Release|Any CPU
		{640D0DBC-76C0-4865-B116-05B6896FC00C}.Release|x64.ActiveCfg = Release|Any CPU
		{640D0DBC-76C0-4865-B116-05B6896FC00C}.Release|x64.Build.0 = Release|Any CPU
		{640D0DBC-76C0-4865-B116-05B6896FC00C}.Release|x86.ActiveCfg = Release|Any CPU
		{640D0DBC-76C0-4865-B116-05B6896FC00C}.Release|x86.Build.0 = Release|Any CPU
		{43775553-BF26-45EA-BC81-4F93ABD6CAE0}.Debug|Any CPU.ActiveCfg = Debug|Any CPU
		{43775553-BF26-45EA-BC81-4F93ABD6CAE0}.Debug|Any CPU.Build.0 = Debug|Any CPU
		{43775553-BF26-45EA-BC81-4F93ABD6CAE0}.Debug|x64.ActiveCfg = Debug|Any CPU
		{43775553-BF26-45EA-BC81-4F93ABD6CAE0}.Debug|x64.Build.0 = Debug|Any CPU
		{43775553-BF26-45EA-BC81-4F93ABD6CAE0}.Debug|x86.ActiveCfg = Debug|Any CPU
		{43775553-BF26-45EA-BC81-4F93ABD6CAE0}.Debug|x86.Build.0 = Debug|Any CPU
		{43775553-BF26-45EA-BC81-4F93ABD6CAE0}.Release|Any CPU.ActiveCfg = Release|Any CPU
		{43775553-BF26-45EA-BC81-4F93ABD6CAE0}.Release|Any CPU.Build.0 = Release|Any CPU
		{43775553-BF26-45EA-BC81-4F93ABD6CAE0}.Release|x64.ActiveCfg = Release|Any CPU
		{43775553-BF26-45EA-BC81-4F93ABD6CAE0}.Release|x64.Build.0 = Release|Any CPU
		{43775553-BF26-45EA-BC81-4F93ABD6CAE0}.Release|x86.ActiveCfg = Release|Any CPU
		{43775553-BF26-45EA-BC81-4F93ABD6CAE0}.Release|x86.Build.0 = Release|Any CPU
		{18B5AED9-65E2-4DC0-B55E-63B3DC2B1034}.Debug|Any CPU.ActiveCfg = Debug|Any CPU
		{18B5AED9-65E2-4DC0-B55E-63B3DC2B1034}.Debug|Any CPU.Build.0 = Debug|Any CPU
		{18B5AED9-65E2-4DC0-B55E-63B3DC2B1034}.Debug|x64.ActiveCfg = Debug|Any CPU
		{18B5AED9-65E2-4DC0-B55E-63B3DC2B1034}.Debug|x64.Build.0 = Debug|Any CPU
		{18B5AED9-65E2-4DC0-B55E-63B3DC2B1034}.Debug|x86.ActiveCfg = Debug|Any CPU
		{18B5AED9-65E2-4DC0-B55E-63B3DC2B1034}.Debug|x86.Build.0 = Debug|Any CPU
		{18B5AED9-65E2-4DC0-B55E-63B3DC2B1034}.Release|Any CPU.ActiveCfg = Release|Any CPU
		{18B5AED9-65E2-4DC0-B55E-63B3DC2B1034}.Release|Any CPU.Build.0 = Release|Any CPU
		{18B5AED9-65E2-4DC0-B55E-63B3DC2B1034}.Release|x64.ActiveCfg = Release|Any CPU
		{18B5AED9-65E2-4DC0-B55E-63B3DC2B1034}.Release|x64.Build.0 = Release|Any CPU
		{18B5AED9-65E2-4DC0-B55E-63B3DC2B1034}.Release|x86.ActiveCfg = Release|Any CPU
		{18B5AED9-65E2-4DC0-B55E-63B3DC2B1034}.Release|x86.Build.0 = Release|Any CPU
	EndGlobalSection
	GlobalSection(SolutionProperties) = preSolution
		HideSolutionNode = FALSE
	EndGlobalSection
	GlobalSection(ExtensibilityGlobals) = postSolution
		SolutionGuid = {B3B8D80A-8AE0-4466-9420-E5164B5A204F}
	EndGlobalSection
EndGlobal
